// !$*UTF8*$!
{
	archiveVersion = 1;
	classes = {
	};
	objectVersion = 77;
	objects = {

/* Begin PBXFileReference section */
		A1B2C3D4E5F6000000000001 /* OrbitApp.app */ = {isa = PBXFileReference; explicitFileType = wrapper.application; includeInIndex = 0; path = OrbitApp.app; sourceTree = BUILT_PRODUCTS_DIR; };
		A1B2C3D4E5F6000000000020 /* OrbitAppTests.xctest */ = {isa = PBXFileReference; explicitFileType = wrapper.cfbundle; includeInIndex = 0; path = OrbitAppTests.xctest; sourceTree = BUILT_PRODUCTS_DIR; };
/* End PBXFileReference section */

/* Begin PBXBuildFile section */
		A1B2C3D4E5F6000000000017 /* GoogleSignIn in Frameworks */ = {isa = PBXBuildFile; productRef = A1B2C3D4E5F6000000000018 /* GoogleSignIn */; };
/* End PBXBuildFile section */

/* Begin PBXFileSystemSynchronizedRootGroup section */
		A1B2C3D4E5F6000000000002 /* OrbitApp */ = {
			isa = PBXFileSystemSynchronizedRootGroup;
			path = OrbitApp;
			sourceTree = "<group>";
		};
		A1B2C3D4E5F6000000000021 /* OrbitAppTests */ = {
			isa = PBXFileSystemSynchronizedRootGroup;
			path = OrbitAppTests;
			sourceTree = "<group>";
		};
/* End PBXFileSystemSynchronizedRootGroup section */

/* Begin PBXGroup section */
		A1B2C3D4E5F6000000000003 = {
			isa = PBXGroup;
			children = (
				A1B2C3D4E5F6000000000002 /* OrbitApp */,
				A1B2C3D4E5F6000000000021 /* OrbitAppTests */,
				A1B2C3D4E5F6000000000004 /* Products */,
			);
			sourceTree = "<group>";
		};
		A1B2C3D4E5F6000000000004 /* Products */ = {
			isa = PBXGroup;
			children = (
				A1B2C3D4E5F6000000000001 /* OrbitApp.app */,
				A1B2C3D4E5F6000000000020 /* OrbitAppTests.xctest */,
			);
			name = Products;
			sourceTree = "<group>";
		};
/* End PBXGroup section */

/* Begin PBXNativeTarget section */
		A1B2C3D4E5F6000000000005 /* OrbitApp */ = {
			isa = PBXNativeTarget;
			buildConfigurationList = A1B2C3D4E5F6000000000006 /* Build configuration list for PBXNativeTarget "OrbitApp" */;
			buildPhases = (
				A1B2C3D4E5F6000000000007 /* Compile Kotlin framework */,
				A1B2C3D4E5F6000000000008 /* Sources */,
				A1B2C3D4E5F6000000000009 /* Frameworks */,
				A1B2C3D4E5F6000000000010 /* Resources */,
			);
			buildRules = (
			);
			dependencies = (
			);
			fileSystemSynchronizedGroups = (
				A1B2C3D4E5F6000000000002 /* OrbitApp */,
			);
			name = OrbitApp;
			packageProductDependencies = (
				A1B2C3D4E5F6000000000018 /* GoogleSignIn */,
			);
			productName = OrbitApp;
			productReference = A1B2C3D4E5F6000000000001 /* OrbitApp.app */;
			productType = "com.apple.product-type.application";
		};
		A1B2C3D4E5F6000000000023 /* OrbitAppTests */ = {
			isa = PBXNativeTarget;
			buildConfigurationList = A1B2C3D4E5F6000000000022 /* Build configuration list for PBXNativeTarget "OrbitAppTests" */;
			buildPhases = (
				A1B2C3D4E5F6000000000024 /* Sources */,
				A1B2C3D4E5F6000000000025 /* Frameworks */,
				A1B2C3D4E5F6000000000026 /* Resources */,
			);
			buildRules = (
			);
			dependencies = (
				A1B2C3D4E5F6000000000030 /* PBXTargetDependency */,
			);
			fileSystemSynchronizedGroups = (
				A1B2C3D4E5F6000000000021 /* OrbitAppTests */,
			);
			name = OrbitAppTests;
			productName = OrbitAppTests;
			productReference = A1B2C3D4E5F6000000000020 /* OrbitAppTests.xctest */;
			productType = "com.apple.product-type.bundle.unit-test";
		};
/* End PBXNativeTarget section */

/* Begin PBXProject section */
		A1B2C3D4E5F6000000000011 /* Project object */ = {
			isa = PBXProject;
			attributes = {
				BuildIndependentTargetsInParallel = 1;
				LastSwiftUpdateCheck = 2660;
				LastUpgradeCheck = 2660;
				TargetAttributes = {
					A1B2C3D4E5F6000000000005 = {
						CreatedOnToolsVersion = 26.6;
					};
				};
			};
			buildConfigurationList = A1B2C3D4E5F6000000000012 /* Build configuration list for PBXProject "OrbitApp" */;
			developmentRegion = en;
			hasScannedForEncodings = 0;
			knownRegions = (
				en,
				Base,
			);
			mainGroup = A1B2C3D4E5F6000000000003;
			minimizedProjectReferenceProxies = 1;
			preferredProjectObjectVersion = 77;
			packageReferences = (
				A1B2C3D4E5F6000000000019 /* XCRemoteSwiftPackageReference "GoogleSignIn-iOS" */,
			);
			productRefGroup = A1B2C3D4E5F6000000000004 /* Products */;
			projectDirPath = "";
			projectRoot = "";
			targets = (
				A1B2C3D4E5F6000000000005 /* OrbitApp */,
				A1B2C3D4E5F6000000000023 /* OrbitAppTests */,
			);
		};
/* End PBXProject section */

/* Begin PBXContainerItemProxy section */
		A1B2C3D4E5F6000000000029 /* PBXContainerItemProxy */ = {
			isa = PBXContainerItemProxy;
			containerPortal = A1B2C3D4E5F6000000000011 /* Project object */;
			proxyType = 1;
			remoteGlobalIDString = A1B2C3D4E5F6000000000005;
			remoteInfo = OrbitApp;
		};
/* End PBXContainerItemProxy section */

/* Begin PBXShellScriptBuildPhase section */
		A1B2C3D4E5F6000000000007 /* Compile Kotlin framework */ = {
			isa = PBXShellScriptBuildPhase;
			buildActionMask = 2147483647;
			files = (
				A1B2C3D4E5F6000000000017 /* GoogleSignIn in Frameworks */,
			);
			inputFileListPaths = (
			);
			inputPaths = (
			);
			name = "Compile Kotlin framework";
			outputFileListPaths = (
			);
			outputPaths = (
			);
			runOnlyForDeploymentPostprocessing = 0;
			shellPath = /bin/sh;
			shellScript = "cd \"$SRCROOT/../..\"\n./gradlew :app:composeApp:embedAndSignAppleFrameworkForXcode\n";
		};
/* End PBXShellScriptBuildPhase section */

/* Begin PBXSourcesBuildPhase section */
		A1B2C3D4E5F6000000000008 /* Sources */ = {
			isa = PBXSourcesBuildPhase;
			buildActionMask = 2147483647;
			files = (
			);
			runOnlyForDeploymentPostprocessing = 0;
		};
		A1B2C3D4E5F6000000000024 /* Sources */ = {
			isa = PBXSourcesBuildPhase;
			buildActionMask = 2147483647;
			files = (
			);
			runOnlyForDeploymentPostprocessing = 0;
		};
/* End PBXSourcesBuildPhase section */

/* Begin PBXTargetDependency section */
		A1B2C3D4E5F6000000000030 /* PBXTargetDependency */ = {
			isa = PBXTargetDependency;
			target = A1B2C3D4E5F6000000000005 /* OrbitApp */;
			targetProxy = A1B2C3D4E5F6000000000029 /* PBXContainerItemProxy */;
		};
/* End PBXTargetDependency section */

/* Begin PBXFrameworksBuildPhase section */
		A1B2C3D4E5F6000000000009 /* Frameworks */ = {
			isa = PBXFrameworksBuildPhase;
			buildActionMask = 2147483647;
			files = (
			);
			runOnlyForDeploymentPostprocessing = 0;
		};
		A1B2C3D4E5F6000000000025 /* Frameworks */ = {
			isa = PBXFrameworksBuildPhase;
			buildActionMask = 2147483647;
			files = (
			);
			runOnlyForDeploymentPostprocessing = 0;
		};
/* End PBXFrameworksBuildPhase section */

/* Begin PBXResourcesBuildPhase section */
		A1B2C3D4E5F6000000000010 /* Resources */ = {
			isa = PBXResourcesBuildPhase;
			buildActionMask = 2147483647;
			files = (
			);
			runOnlyForDeploymentPostprocessing = 0;
		};
		A1B2C3D4E5F6000000000026 /* Resources */ = {
			isa = PBXResourcesBuildPhase;
			buildActionMask = 2147483647;
			files = (
			);
			runOnlyForDeploymentPostprocessing = 0;
		};
/* End PBXResourcesBuildPhase section */

/* Begin XCBuildConfiguration section */
		A1B2C3D4E5F6000000000013 /* Debug */ = {
			isa = XCBuildConfiguration;
			buildSettings = {
				ALWAYS_SEARCH_USER_PATHS = NO;
				CLANG_ENABLE_MODULES = YES;
				CLANG_ENABLE_OBJC_ARC = YES;
				CLANG_WARN_DOCUMENTATION_COMMENTS = YES;
				DEBUG_INFORMATION_FORMAT = dwarf;
				ENABLE_TESTABILITY = YES;
				GCC_C_LANGUAGE_STANDARD = gnu17;
				SDKROOT = iphonesimulator;
				SWIFT_OPTIMIZATION_LEVEL = "-Onone";
			};
			name = Debug;
		};
		A1B2C3D4E5F6000000000014 /* Release */ = {
			isa = XCBuildConfiguration;
			buildSettings = {
				ALWAYS_SEARCH_USER_PATHS = NO;
				CLANG_ENABLE_MODULES = YES;
				CLANG_ENABLE_OBJC_ARC = YES;
				GCC_C_LANGUAGE_STANDARD = gnu17;
				SDKROOT = iphonesimulator;
				SWIFT_COMPILATION_MODE = wholemodule;
				SWIFT_OPTIMIZATION_LEVEL = "-O";
			};
			name = Release;
		};
		A1B2C3D4E5F6000000000015 /* Debug */ = {
			isa = XCBuildConfiguration;
			buildSettings = {
				ASSETCATALOG_COMPILER_APPICON_NAME = "";
				CODE_SIGNING_ALLOWED = YES;
				CODE_SIGNING_REQUIRED = NO;
				CODE_SIGN_STYLE = Automatic;
				CURRENT_PROJECT_VERSION = 1;
				DEVELOPMENT_TEAM = "";
				ENABLE_PREVIEWS = YES;
				GENERATE_INFOPLIST_FILE = NO;
				INFOPLIST_FILE = Info-Debug.plist;
				GOOGLE_IOS_CLIENT_ID = 451088160169-shjl5sbv64j8fiogabutoc9tv951skmp.apps.googleusercontent.com;
				GOOGLE_IOS_REVERSED_CLIENT_ID = com.googleusercontent.apps.451088160169-shjl5sbv64j8fiogabutoc9tv951skmp;
				GOOGLE_SERVER_CLIENT_ID = 451088160169-l7r2988vpk30i7etl3arq5vekqme1slh.apps.googleusercontent.com;
				IPHONEOS_DEPLOYMENT_TARGET = 17.0;
				LD_RUNPATH_SEARCH_PATHS = "$(inherited) @executable_path/Frameworks";
				MARKETING_VERSION = 0.1.0;
				OTHER_LDFLAGS = "$(inherited) -framework ComposeApp";
				ORBIT_API_BASE_URL = "http://localhost:8080";
				PRODUCT_BUNDLE_IDENTIFIER = com.nexusflow.app;
				PRODUCT_NAME = "$(TARGET_NAME)";
				SUPPORTED_PLATFORMS = iphonesimulator;
				SUPPORTS_MACCATALYST = NO;
				SWIFT_EMIT_LOC_STRINGS = YES;
				SWIFT_VERSION = 6.0;
				TARGETED_DEVICE_FAMILY = "1,2";
			};
			name = Debug;
		};
		A1B2C3D4E5F6000000000016 /* Release */ = {
			isa = XCBuildConfiguration;
			buildSettings = {
				ASSETCATALOG_COMPILER_APPICON_NAME = "";
				CODE_SIGNING_ALLOWED = YES;
				CODE_SIGNING_REQUIRED = NO;
				CODE_SIGN_STYLE = Automatic;
				CURRENT_PROJECT_VERSION = 1;
				DEVELOPMENT_TEAM = "";
				GENERATE_INFOPLIST_FILE = NO;
				INFOPLIST_FILE = Info.plist;
				GOOGLE_IOS_CLIENT_ID = 451088160169-shjl5sbv64j8fiogabutoc9tv951skmp.apps.googleusercontent.com;
				GOOGLE_IOS_REVERSED_CLIENT_ID = com.googleusercontent.apps.451088160169-shjl5sbv64j8fiogabutoc9tv951skmp;
				GOOGLE_SERVER_CLIENT_ID = 451088160169-l7r2988vpk30i7etl3arq5vekqme1slh.apps.googleusercontent.com;
				IPHONEOS_DEPLOYMENT_TARGET = 17.0;
				LD_RUNPATH_SEARCH_PATHS = "$(inherited) @executable_path/Frameworks";
				MARKETING_VERSION = 0.1.0;
				OTHER_LDFLAGS = "$(inherited) -framework ComposeApp";
				ORBIT_API_BASE_URL = "";
				PRODUCT_BUNDLE_IDENTIFIER = com.nexusflow.app;
				PRODUCT_NAME = "$(TARGET_NAME)";
				SUPPORTED_PLATFORMS = iphonesimulator;
				SUPPORTS_MACCATALYST = NO;
				SWIFT_EMIT_LOC_STRINGS = YES;
				SWIFT_VERSION = 6.0;
				TARGETED_DEVICE_FAMILY = "1,2";
			};
			name = Release;
		};
		A1B2C3D4E5F6000000000027 /* Debug */ = {
			isa = XCBuildConfiguration;
			buildSettings = {
				BUNDLE_LOADER = "$(TEST_HOST)";
				CODE_SIGNING_ALLOWED = YES;
				CODE_SIGNING_REQUIRED = NO;
				GENERATE_INFOPLIST_FILE = YES;
				IPHONEOS_DEPLOYMENT_TARGET = 17.0;
				LD_RUNPATH_SEARCH_PATHS = "$(inherited) @executable_path/Frameworks @loader_path/Frameworks";
				PRODUCT_BUNDLE_IDENTIFIER = com.nexusflow.app.tests;
				PRODUCT_NAME = "$(TARGET_NAME)";
				SDKROOT = iphonesimulator;
				SWIFT_VERSION = 6.0;
				TARGETED_DEVICE_FAMILY = "1,2";
				TEST_HOST = "$(BUILT_PRODUCTS_DIR)/OrbitApp.app/OrbitApp";
				TEST_TARGET_NAME = OrbitApp;
			};
			name = Debug;
		};
		A1B2C3D4E5F6000000000028 /* Release */ = {
			isa = XCBuildConfiguration;
			buildSettings = {
				BUNDLE_LOADER = "$(TEST_HOST)";
				CODE_SIGNING_ALLOWED = YES;
				CODE_SIGNING_REQUIRED = NO;
				GENERATE_INFOPLIST_FILE = YES;
				IPHONEOS_DEPLOYMENT_TARGET = 17.0;
				LD_RUNPATH_SEARCH_PATHS = "$(inherited) @executable_path/Frameworks @loader_path/Frameworks";
				PRODUCT_BUNDLE_IDENTIFIER = com.nexusflow.app.tests;
				PRODUCT_NAME = "$(TARGET_NAME)";
				SDKROOT = iphonesimulator;
				SWIFT_VERSION = 6.0;
				TARGETED_DEVICE_FAMILY = "1,2";
				TEST_HOST = "$(BUILT_PRODUCTS_DIR)/OrbitApp.app/OrbitApp";
				TEST_TARGET_NAME = OrbitApp;
			};
			name = Release;
		};
/* End XCBuildConfiguration section */

/* Begin XCConfigurationList section */
		A1B2C3D4E5F6000000000012 /* Build configuration list for PBXProject "OrbitApp" */ = {
			isa = XCConfigurationList;
			buildConfigurations = (
				A1B2C3D4E5F6000000000013 /* Debug */,
				A1B2C3D4E5F6000000000014 /* Release */,
			);
			defaultConfigurationIsVisible = 0;
			defaultConfigurationName = Release;
		};
		A1B2C3D4E5F6000000000006 /* Build configuration list for PBXNativeTarget "OrbitApp" */ = {
			isa = XCConfigurationList;
			buildConfigurations = (
				A1B2C3D4E5F6000000000015 /* Debug */,
				A1B2C3D4E5F6000000000016 /* Release */,
			);
			defaultConfigurationIsVisible = 0;
			defaultConfigurationName = Release;
		};
		A1B2C3D4E5F6000000000022 /* Build configuration list for PBXNativeTarget "OrbitAppTests" */ = {
			isa = XCConfigurationList;
			buildConfigurations = (
				A1B2C3D4E5F6000000000027 /* Debug */,
				A1B2C3D4E5F6000000000028 /* Release */,
			);
			defaultConfigurationIsVisible = 0;
			defaultConfigurationName = Release;
		};
/* End XCConfigurationList section */

/* Begin XCRemoteSwiftPackageReference section */
		A1B2C3D4E5F6000000000019 /* XCRemoteSwiftPackageReference "GoogleSignIn-iOS" */ = {
			isa = XCRemoteSwiftPackageReference;
			repositoryURL = "https://github.com/google/GoogleSignIn-iOS.git";
			requirement = {
				kind = upToNextMajorVersion;
				minimumVersion = 9.0.0;
			};
		};
/* End XCRemoteSwiftPackageReference section */

/* Begin XCSwiftPackageProductDependency section */
		A1B2C3D4E5F6000000000018 /* GoogleSignIn */ = {
			isa = XCSwiftPackageProductDependency;
			package = A1B2C3D4E5F6000000000019 /* XCRemoteSwiftPackageReference "GoogleSignIn-iOS" */;
			productName = GoogleSignIn;
		};
/* End XCSwiftPackageProductDependency section */
	};
	rootObject = A1B2C3D4E5F6000000000011 /* Project object */;
}
